
Microsoft Visual Studio Solution File, Format Version 12.00
# Visual Studio Version 16
VisualStudioVersion = 16.0.30611.23
MinimumVisualStudioVersion = 10.0.40219.1
Project("{9A19103F-16F7-4668-BE54-9A1E7A4F7556}") = "ServerApp", "ServerApp\ServerApp.csproj", "{58051B32-35F1-452F-A05A-5AED222136FD}"
EndProject
Project("{E24C65DC-7377-472B-9ABA-BC803B73C61A}") = "ClientApp", "ClientApp\", "{5161C6FA-7CAD-40F3-817D-773032DF7B04}"
	ProjectSection(WebsiteProperties) = preProject
		TargetFrameworkMoniker = ".NETFramework,Version%3Dv4.0"
		Debug.AspNetCompiler.VirtualPath = "/localhost_50301"
		Debug.AspNetCompiler.PhysicalPath = "ClientApp\"
		Debug.AspNetCompiler.TargetPath = "PrecompiledWeb\localhost_50301\"
		Debug.AspNetCompiler.Updateable = "true"
		Debug.AspNetCompiler.ForceOverwrite = "true"
		Debug.AspNetCompiler.FixedNames = "false"
		Debug.AspNetCompiler.Debug = "True"
		Release.AspNetCompiler.VirtualPath = "/localhost_50301"
		Release.AspNetCompiler.PhysicalPath = "ClientApp\"
		Release.AspNetCompiler.TargetPath = "PrecompiledWeb\localhost_50301\"
		Release.AspNetCompiler.Updateable = "true"
		Release.AspNetCompiler.ForceOverwrite = "true"
		Release.AspNetCompiler.FixedNames = "false"
		Release.AspNetCompiler.Debug = "False"
		VWDPort = "50301"
		SlnRelativePath = "ClientApp\"
	EndProjectSection
EndProject
Project("{9A19103F-16F7-4668-BE54-9A1E7A4F7556}") = "BlazorApp", "BlazorApp\BlazorApp.csproj", "{BCBD62C5-8687-436D-A03F-025B123D6D9C}"
EndProject
Global
	GlobalSection(SolutionConfigurationPlatforms) = preSolution
		Debug|Any CPU = Debug|Any CPU
		Release|Any CPU = Release|Any CPU
	EndGlobalSection
	GlobalSection(ProjectConfigurationPlatforms) = postSolution
		{58051B32-35F1-452F-A05A-5AED222136FD}.Debug|Any CPU.ActiveCfg = Debug|Any CPU
		{58051B32-35F1-452F-A05A-5AED222136FD}.Debug|Any CPU.Build.0 = Debug|Any CPU
		{58051B32-35F1-452F-A05A-5AED222136FD}.Release|Any CPU.ActiveCfg = Release|Any CPU
		{58051B32-35F1-452F-A05A-5AED222136FD}.Release|Any CPU.Build.0 = Release|Any CPU
		{5161C6FA-7CAD-40F3-817D-773032DF7B04}.Debug|Any CPU.ActiveCfg = Debug|Any CPU
		{5161C6FA-7CAD-40F3-817D-773032DF7B04}.Debug|Any CPU.Build.0 = Debug|Any CPU
		{5161C6FA-7CAD-40F3-817D-773032DF7B04}.Release|Any CPU.ActiveCfg = Debug|Any CPU
		{5161C6FA-7CAD-40F3-817D-773032DF7B04}.Release|Any CPU.Build.0 = Debug|Any CPU
		{BCBD62C5-8687-436D-A03F-025B123D6D9C}.Debug|Any CPU.ActiveCfg = Debug|Any CPU
		{BCBD62C5-8687-436D-A03F-025B123D6D9C}.Debug|Any CPU.Build.0 = Debug|Any CPU
		{BCBD62C5-8687-436D-A03F-025B123D6D9C}.Release|Any CPU.ActiveCfg = Release|Any CPU
		{BCBD62C5-8687-436D-A03F-025B123D6D9C}.Release|Any CPU.Build.0 = Release|Any CPU
	EndGlobalSection
	GlobalSection(SolutionProperties) = preSolution
		HideSolutionNode = FALSE
	EndGlobalSection
	GlobalSection(ExtensibilityGlobals) = postSolution
		SolutionGuid = {8E5F5399-3E8A-429C-86F0-257B8CC49675}
	EndGlobalSection
EndGlobal
